
Microsoft Visual Studio Solution File, Format Version 12.00
# Visual Studio 15
VisualStudioVersion = 15.0.27130.2010
MinimumVisualStudioVersion = 10.0.40219.1
Project("{FAE04EC0-301F-11D3-BF4B-00C04F79EFBC}") = "Lolicoin.BlockChain", "Lolicoin.Blockchain\Lolicoin.BlockChain.csproj", "{0968559B-D0C0-4FBC-914B-81018F20DAB5}"
EndProject
Project("{FAE04EC0-301F-11D3-BF4B-00C04F79EFBC}") = "Lolicoin.StateMachine", "Lolicoin.StateMachine\Lolicoin.StateMachine.csproj", "{08C6C59E-4840-4809-BC10-0F094055281A}"
EndProject
Project("{FAE04EC0-301F-11D3-BF4B-00C04F79EFBC}") = "Lolicoin.ConsoleApp", "Lolicoin.ConsoleApp\Lolicoin.ConsoleApp.csproj", "{95E3B711-7E43-418A-9FCC-38F816C202F3}"
EndProject
Project("{FAE04EC0-301F-11D3-BF4B-00C04F79EFBC}") = "Lolicoin.BlockChain.Validation", "Lolicoin.BlockChain.Validation\Lolicoin.BlockChain.Validation.csproj", "{F7CE323F-3575-4DA7-93DF-F23D99041B59}"
EndProject
Global
	GlobalSection(SolutionConfigurationPlatforms) = preSolution
		Debug|Any CPU = Debug|Any CPU
		Release|Any CPU = Release|Any CPU
	EndGlobalSection
	GlobalSection(ProjectConfigurationPlatforms) = postSolution
		{0968559B-D0C0-4FBC-914B-81018F20DAB5}.Debug|Any CPU.ActiveCfg = Debug|Any CPU
		{0968559B-D0C0-4FBC-914B-81018F20DAB5}.Debug|Any CPU.Build.0 = Debug|Any CPU
		{0968559B-D0C0-4FBC-914B-81018F20DAB5}.Release|Any CPU.ActiveCfg = Release|Any CPU
		{0968559B-D0C0-4FBC-914B-81018F20DAB5}.Release|Any CPU.Build.0 = Release|Any CPU
		{08C6C59E-4840-4809-BC10-0F094055281A}.Debug|Any CPU.ActiveCfg = Debug|Any CPU
		{08C6C59E-4840-4809-BC10-0F094055281A}.Debug|Any CPU.Build.0 = Debug|Any CPU
		{08C6C59E-4840-4809-BC10-0F094055281A}.Release|Any CPU.ActiveCfg = Release|Any CPU
		{08C6C59E-4840-4809-BC10-0F094055281A}.Release|Any CPU.Build.0 = Release|Any CPU
		{95E3B711-7E43-418A-9FCC-38F816C202F3}.Debug|Any CPU.ActiveCfg = Debug|Any CPU
		{95E3B711-7E43-418A-9FCC-38F816C202F3}.Debug|Any CPU.Build.0 = Debug|Any CPU
		{95E3B711-7E43-418A-9FCC-38F816C202F3}.Release|Any CPU.ActiveCfg = Release|Any CPU
		{95E3B711-7E43-418A-9FCC-38F816C202F3}.Release|Any CPU.Build.0 = Release|Any CPU
		{F7CE323F-3575-4DA7-93DF-F23D99041B59}.Debug|Any CPU.ActiveCfg = Debug|Any CPU
		{F7CE323F-3575-4DA7-93DF-F23D99041B59}.Debug|Any CPU.Build.0 = Debug|Any CPU
		{F7CE323F-3575-4DA7-93DF-F23D99041B59}.Release|Any CPU.ActiveCfg = Release|Any CPU
		{F7CE323F-3575-4DA7-93DF-F23D99041B59}.Release|Any CPU.Build.0 = Release|Any CPU
	EndGlobalSection
	GlobalSection(SolutionProperties) = preSolution
		HideSolutionNode = FALSE
	EndGlobalSection
	GlobalSection(ExtensibilityGlobals) = postSolution
		SolutionGuid = {398AF327-5418-4251-A899-2B1E55A5DF17}
	EndGlobalSection
EndGlobal
